
Microsoft Visual Studio Solution File, Format Version 12.00
# Visual Studio Version 17
VisualStudioVersion = 17.9.34728.123
MinimumVisualStudioVersion = 10.0.40219.1
Project("{9A19103F-16F7-4668-BE54-9A1E7A4F7556}") = "ReconocimientoEmocionesIA_Logica", "ReconocimientoEmocionesIA_Logica\ReconocimientoEmocionesIA_Logica.csproj", "{AF9E8358-B0E2-4A6B-B153-28C0A8087297}"
EndProject
Project("{9A19103F-16F7-4668-BE54-9A1E7A4F7556}") = "ReconocimientoEmocionesIA_Entidades", "ReconocimientoEmocionesIA_Entidades\ReconocimientoEmocionesIA_Entidades.csproj", "{C800E932-33FF-478D-A85E-A243BC532889}"
EndProject
Project("{9A19103F-16F7-4668-BE54-9A1E7A4F7556}") = "ReconocimientoEmocionesIA_Web", "ReconocimientoEmocionesIA_Web\ReconocimientoEmocionesIA_Web.csproj", "{6978F4AA-022B-41BD-A261-06419EBD580A}"
EndProject
Global
	GlobalSection(SolutionConfigurationPlatforms) = preSolution
		Debug|Any CPU = Debug|Any CPU
		Release|Any CPU = Release|Any CPU
	EndGlobalSection
	GlobalSection(ProjectConfigurationPlatforms) = postSolution
		{AF9E8358-B0E2-4A6B-B153-28C0A8087297}.Debug|Any CPU.ActiveCfg = Debug|Any CPU
		{AF9E8358-B0E2-4A6B-B153-28C0A8087297}.Debug|Any CPU.Build.0 = Debug|Any CPU
		{AF9E8358-B0E2-4A6B-B153-28C0A8087297}.Release|Any CPU.ActiveCfg = Release|Any CPU
		{AF9E8358-B0E2-4A6B-B153-28C0A8087297}.Release|Any CPU.Build.0 = Release|Any CPU
		{C800E932-33FF-478D-A85E-A243BC532889}.Debug|Any CPU.ActiveCfg = Debug|Any CPU
		{C800E932-33FF-478D-A85E-A243BC532889}.Debug|Any CPU.Build.0 = Debug|Any CPU
		{C800E932-33FF-478D-A85E-A243BC532889}.Release|Any CPU.ActiveCfg = Release|Any CPU
		{C800E932-33FF-478D-A85E-A243BC532889}.Release|Any CPU.Build.0 = Release|Any CPU
		{6978F4AA-022B-41BD-A261-06419EBD580A}.Debug|Any CPU.ActiveCfg = Debug|Any CPU
		{6978F4AA-022B-41BD-A261-06419EBD580A}.Debug|Any CPU.Build.0 = Debug|Any CPU
		{6978F4AA-022B-41BD-A261-06419EBD580A}.Release|Any CPU.ActiveCfg = Release|Any CPU
		{6978F4AA-022B-41BD-A261-06419EBD580A}.Release|Any CPU.Build.0 = Release|Any CPU
	EndGlobalSection
	GlobalSection(SolutionProperties) = preSolution
		HideSolutionNode = FALSE
	EndGlobalSection
	GlobalSection(ExtensibilityGlobals) = postSolution
		SolutionGuid = {72CE7F7A-2F77-4471-A4CA-E59A453E4AC6}
	EndGlobalSection
EndGlobal
